<Solution>
  <Folder Name="/src/">
    <Project Path="src/Tl.Core/Tl.Core.csproj" />
    <Project Path="src/Tl.Gen/Tl.Gen.csproj" />
  </Folder>
  <Folder Name="/samples/">
    <Project Path="samples/Mixed/Mixed.csproj" />
  </Folder>
  <Folder Name="/tests/">
    <Project Path="tests/Tl.Core.Tests/Tl.Core.Tests.csproj" />
    <Project Path="tests/Tl.Gen.Tests/Tl.Gen.Tests.csproj" />
    <Project Path="tests/Tl.Alpha/Tl.Alpha.csproj" />
  </Folder>
  <Folder Name="/benchmarks/">
    <Project Path="benchmarks/Alpha/Alpha.csproj" />
  </Folder>
</Solution>
