<Solution>
  <Folder Name="/src/">
    <Project Path="src/Tl.CSharp/Tl.CSharp.csproj" />
    <Project Path="src/Tl.Compiler/Tl.Compiler.csproj" />
    <Project Path="src/Tl.Core/Tl.Core.csproj" />
    <Project Path="src/Tl.Gen.CSharp/Tl.Gen.CSharp.csproj" />
    <Project Path="src/Tl.Gen.C/Tl.Gen.C.csproj" />
  </Folder>
  <Folder Name="/samples/">
    <Project Path="samples/Mixed/Mixed.csproj" />
  </Folder>
  <Folder Name="/tests/">
    <Project Path="tests/Tl.Compiler.Tests/Tl.Compiler.Tests.csproj" />
    <Project Path="tests/Tl.Core.Tests/Tl.Core.Tests.csproj" />
    <Project Path="tests/Tl.Gen.C.Tests/Tl.Gen.C.Tests.csproj" />
    <Project Path="tests/Tl.Gen.CSharp.Tests/Tl.Gen.CSharp.Tests.csproj" />
    <Project Path="tests/Tl.Gen.CSharp.Consumer.Tests/Tl.Gen.CSharp.Consumer.Tests.csproj" />
    <Project Path="tests/Tl.UnityAnalyzerReceipt/Tl.UnityAnalyzerReceipt.csproj" />
    <Project Path="tests/Tl.Alpha/Tl.Alpha.csproj" />
  </Folder>
  <Folder Name="/benchmarks/">
    <Project Path="benchmarks/Alpha/Alpha.csproj" />
  </Folder>
  <Folder Name="/tools/">
    <Project Path="tools/Tl.Bake/Tl.Bake.csproj" />
    <Project Path="tools/Tl.Bake.Tests/Tl.Bake.Tests.csproj" />
  </Folder>
</Solution>
